
Microsoft Visual Studio Solution File, Format Version 12.00
# Visual Studio Version 17
VisualStudioVersion = 17.1.32328.378
MinimumVisualStudioVersion = 10.0.40219.1
Project("{FAE04EC0-301F-11D3-BF4B-00C04F79EFBC}") = "MongoDbNetApi", "MongoDbNetApi\MongoDbNetApi.csproj", "{879A6623-2637-4886-9CC0-1BD7FDC4D19E}"
EndProject
Global
	GlobalSection(SolutionConfigurationPlatforms) = preSolution
		Debug|Any CPU = Debug|Any CPU
		Release|Any CPU = Release|Any CPU
	EndGlobalSection
	GlobalSection(ProjectConfigurationPlatforms) = postSolution
		{879A6623-2637-4886-9CC0-1BD7FDC4D19E}.Debug|Any CPU.ActiveCfg = Debug|Any CPU
		{879A6623-2637-4886-9CC0-1BD7FDC4D19E}.Debug|Any CPU.Build.0 = Debug|Any CPU
		{879A6623-2637-4886-9CC0-1BD7FDC4D19E}.Release|Any CPU.ActiveCfg = Release|Any CPU
		{879A6623-2637-4886-9CC0-1BD7FDC4D19E}.Release|Any CPU.Build.0 = Release|Any CPU
	EndGlobalSection
	GlobalSection(SolutionProperties) = preSolution
		HideSolutionNode = FALSE
	EndGlobalSection
	GlobalSection(ExtensibilityGlobals) = postSolution
		SolutionGuid = {1F737B98-902F-42AB-8587-3E15E52E7EFF}
	EndGlobalSection
EndGlobal
